
Microsoft Visual Studio Solution File, Format Version 12.00
# Visual Studio 15
Project("{FAE04EC0-301F-11D3-BF4B-00C04F79EFBC}") = "Assembly-CSharp", "Assembly-CSharp.csproj", "{222D0028-77D5-CC2F-E416-B19A6D5A2AC0}"
EndProject
Project("{FAE04EC0-301F-11D3-BF4B-00C04F79EFBC}") = "Assembly-CSharp", "Assembly-CSharp.Player.csproj", "{4BE7A722-2688-A116-0D0E-761E0572FCE7}"
EndProject
Global
	GlobalSection(SolutionConfigurationPlatforms) = preSolution
		Debug|Any CPU = Debug|Any CPU
		Release|Any CPU = Release|Any CPU
	EndGlobalSection
	GlobalSection(ProjectConfigurationPlatforms) = postSolution
		{222D0028-77D5-CC2F-E416-B19A6D5A2AC0}.Debug|Any CPU.ActiveCfg = Debug|Any CPU
		{222D0028-77D5-CC2F-E416-B19A6D5A2AC0}.Debug|Any CPU.Build.0 = Debug|Any CPU
		{222D0028-77D5-CC2F-E416-B19A6D5A2AC0}.Release|Any CPU.ActiveCfg = Release|Any CPU
		{222D0028-77D5-CC2F-E416-B19A6D5A2AC0}.Release|Any CPU.Build.0 = Release|Any CPU
		{4BE7A722-2688-A116-0D0E-761E0572FCE7}.Debug|Any CPU.ActiveCfg = Debug|Any CPU
		{4BE7A722-2688-A116-0D0E-761E0572FCE7}.Debug|Any CPU.Build.0 = Debug|Any CPU
		{4BE7A722-2688-A116-0D0E-761E0572FCE7}.Release|Any CPU.ActiveCfg = Release|Any CPU
		{4BE7A722-2688-A116-0D0E-761E0572FCE7}.Release|Any CPU.Build.0 = Release|Any CPU
	EndGlobalSection
	GlobalSection(SolutionProperties) = preSolution
		HideSolutionNode = FALSE
	EndGlobalSection
EndGlobal
